
Microsoft Visual Studio Solution File, Format Version 12.00
# Visual Studio Version 17
VisualStudioVersion = 17.2.32616.157
MinimumVisualStudioVersion = 10.0.40219.1
Project("{FAE04EC0-301F-11D3-BF4B-00C04F79EFBC}") = "MVC.Multitanancy", "MVC.Multitanancy\MVC.Multitanancy.csproj", "{EA1F5326-7B66-443E-9031-D4BCC641EB02}"
EndProject
Project("{FAE04EC0-301F-11D3-BF4B-00C04F79EFBC}") = "MVC.Infrastructure", "MVC.Infrastructure\MVC.Infrastructure.csproj", "{2EF15D7C-7DFC-4545-BD83-A0C330955DB0}"
EndProject
Project("{FAE04EC0-301F-11D3-BF4B-00C04F79EFBC}") = "MVC.Core", "MVC.Core\MVC.Core.csproj", "{A3C62B77-BE22-4FBD-8711-77C2856AA497}"
EndProject
Global
	GlobalSection(SolutionConfigurationPlatforms) = preSolution
		Debug|Any CPU = Debug|Any CPU
		Release|Any CPU = Release|Any CPU
	EndGlobalSection
	GlobalSection(ProjectConfigurationPlatforms) = postSolution
		{EA1F5326-7B66-443E-9031-D4BCC641EB02}.Debug|Any CPU.ActiveCfg = Debug|Any CPU
		{EA1F5326-7B66-443E-9031-D4BCC641EB02}.Debug|Any CPU.Build.0 = Debug|Any CPU
		{EA1F5326-7B66-443E-9031-D4BCC641EB02}.Release|Any CPU.ActiveCfg = Release|Any CPU
		{EA1F5326-7B66-443E-9031-D4BCC641EB02}.Release|Any CPU.Build.0 = Release|Any CPU
		{2EF15D7C-7DFC-4545-BD83-A0C330955DB0}.Debug|Any CPU.ActiveCfg = Debug|Any CPU
		{2EF15D7C-7DFC-4545-BD83-A0C330955DB0}.Debug|Any CPU.Build.0 = Debug|Any CPU
		{2EF15D7C-7DFC-4545-BD83-A0C330955DB0}.Release|Any CPU.ActiveCfg = Release|Any CPU
		{2EF15D7C-7DFC-4545-BD83-A0C330955DB0}.Release|Any CPU.Build.0 = Release|Any CPU
		{A3C62B77-BE22-4FBD-8711-77C2856AA497}.Debug|Any CPU.ActiveCfg = Debug|Any CPU
		{A3C62B77-BE22-4FBD-8711-77C2856AA497}.Debug|Any CPU.Build.0 = Debug|Any CPU
		{A3C62B77-BE22-4FBD-8711-77C2856AA497}.Release|Any CPU.ActiveCfg = Release|Any CPU
		{A3C62B77-BE22-4FBD-8711-77C2856AA497}.Release|Any CPU.Build.0 = Release|Any CPU
	EndGlobalSection
	GlobalSection(SolutionProperties) = preSolution
		HideSolutionNode = FALSE
	EndGlobalSection
	GlobalSection(ExtensibilityGlobals) = postSolution
		SolutionGuid = {20A1BA86-D6EC-41BA-8444-456208DEA15E}
	EndGlobalSection
EndGlobal
